
Microsoft Visual Studio Solution File, Format Version 12.00
# Visual Studio Version 16
VisualStudioVersion = 16.0.30523.141
MinimumVisualStudioVersion = 10.0.40219.1
Project("{FAE04EC0-301F-11D3-BF4B-00C04F79EFBC}") = "xadrez_console", "xadrez_console\xadrez_console.csproj", "{81401696-56BA-411A-B0CF-8675C0F9D446}"
EndProject
Global
	GlobalSection(SolutionConfigurationPlatforms) = preSolution
		Debug|Any CPU = Debug|Any CPU
		Release|Any CPU = Release|Any CPU
	EndGlobalSection
	GlobalSection(ProjectConfigurationPlatforms) = postSolution
		{81401696-56BA-411A-B0CF-8675C0F9D446}.Debug|Any CPU.ActiveCfg = Debug|Any CPU
		{81401696-56BA-411A-B0CF-8675C0F9D446}.Debug|Any CPU.Build.0 = Debug|Any CPU
		{81401696-56BA-411A-B0CF-8675C0F9D446}.Release|Any CPU.ActiveCfg = Release|Any CPU
		{81401696-56BA-411A-B0CF-8675C0F9D446}.Release|Any CPU.Build.0 = Release|Any CPU
	EndGlobalSection
	GlobalSection(SolutionProperties) = preSolution
		HideSolutionNode = FALSE
	EndGlobalSection
	GlobalSection(ExtensibilityGlobals) = postSolution
		SolutionGuid = {1BF09899-C624-41A9-A4F4-A6A5A4C8C748}
	EndGlobalSection
EndGlobal
